
Microsoft Visual Studio Solution File, Format Version 12.00
# Visual Studio Version 16
VisualStudioVersion = 16.0.30907.101
MinimumVisualStudioVersion = 10.0.40219.1
Project("{FAE04EC0-301F-11D3-BF4B-00C04F79EFBC}") = "DapperCRUDApplication", "DapperCRUDApplication.csproj", "{5642B82C-22C1-40FE-9A30-C9BD7F039E78}"
EndProject
Global
	GlobalSection(SolutionConfigurationPlatforms) = preSolution
		Debug|Any CPU = Debug|Any CPU
		Release|Any CPU = Release|Any CPU
	EndGlobalSection
	GlobalSection(ProjectConfigurationPlatforms) = postSolution
		{5642B82C-22C1-40FE-9A30-C9BD7F039E78}.Debug|Any CPU.ActiveCfg = Debug|Any CPU
		{5642B82C-22C1-40FE-9A30-C9BD7F039E78}.Debug|Any CPU.Build.0 = Debug|Any CPU
		{5642B82C-22C1-40FE-9A30-C9BD7F039E78}.Release|Any CPU.ActiveCfg = Release|Any CPU
		{5642B82C-22C1-40FE-9A30-C9BD7F039E78}.Release|Any CPU.Build.0 = Release|Any CPU
	EndGlobalSection
	GlobalSection(SolutionProperties) = preSolution
		HideSolutionNode = FALSE
	EndGlobalSection
	GlobalSection(ExtensibilityGlobals) = postSolution
		SolutionGuid = {5C5DFF98-9877-47AA-B364-B9C3448B1FB7}
	EndGlobalSection
EndGlobal
